
Microsoft Visual Studio Solution File, Format Version 12.00
# Visual Studio Version 17
VisualStudioVersion = 17.5.33414.496
MinimumVisualStudioVersion = 10.0.40219.1
Project("{9A19103F-16F7-4668-BE54-9A1E7A4F7556}") = "MultipleSqliteDbConnections", "MultipleSqliteDbConnections\MultipleSqliteDbConnections.csproj", "{03F3F3E7-327E-45F5-9D29-60A967E4CF2C}"
EndProject
Project("{FAE04EC0-301F-11D3-BF4B-00C04F79EFBC}") = "MultipleSqliteDbConnections.SqliteManager", "MultipleSqliteDbConnections.SqliteManager\MultipleSqliteDbConnections.SqliteManager.csproj", "{35839E4F-D9A0-4A50-A80A-67ACF17811B4}"
EndProject
Project("{FAE04EC0-301F-11D3-BF4B-00C04F79EFBC}") = "MultipleSqliteDbConnections.SqlManager", "MultipleSqliteDbConnections.SqlManager\MultipleSqliteDbConnections.SqlManager.csproj", "{110914DF-3762-452B-9EFE-12C4CB65F07A}"
EndProject
Global
	GlobalSection(SolutionConfigurationPlatforms) = preSolution
		Debug|Any CPU = Debug|Any CPU
		Release|Any CPU = Release|Any CPU
	EndGlobalSection
	GlobalSection(ProjectConfigurationPlatforms) = postSolution
		{03F3F3E7-327E-45F5-9D29-60A967E4CF2C}.Debug|Any CPU.ActiveCfg = Debug|Any CPU
		{03F3F3E7-327E-45F5-9D29-60A967E4CF2C}.Debug|Any CPU.Build.0 = Debug|Any CPU
		{03F3F3E7-327E-45F5-9D29-60A967E4CF2C}.Release|Any CPU.ActiveCfg = Release|Any CPU
		{03F3F3E7-327E-45F5-9D29-60A967E4CF2C}.Release|Any CPU.Build.0 = Release|Any CPU
		{35839E4F-D9A0-4A50-A80A-67ACF17811B4}.Debug|Any CPU.ActiveCfg = Debug|Any CPU
		{35839E4F-D9A0-4A50-A80A-67ACF17811B4}.Debug|Any CPU.Build.0 = Debug|Any CPU
		{35839E4F-D9A0-4A50-A80A-67ACF17811B4}.Release|Any CPU.ActiveCfg = Release|Any CPU
		{35839E4F-D9A0-4A50-A80A-67ACF17811B4}.Release|Any CPU.Build.0 = Release|Any CPU
		{110914DF-3762-452B-9EFE-12C4CB65F07A}.Debug|Any CPU.ActiveCfg = Debug|Any CPU
		{110914DF-3762-452B-9EFE-12C4CB65F07A}.Debug|Any CPU.Build.0 = Debug|Any CPU
		{110914DF-3762-452B-9EFE-12C4CB65F07A}.Release|Any CPU.ActiveCfg = Release|Any CPU
		{110914DF-3762-452B-9EFE-12C4CB65F07A}.Release|Any CPU.Build.0 = Release|Any CPU
	EndGlobalSection
	GlobalSection(SolutionProperties) = preSolution
		HideSolutionNode = FALSE
	EndGlobalSection
	GlobalSection(ExtensibilityGlobals) = postSolution
		SolutionGuid = {D15FD97D-FB77-4E44-9B0B-F8DFCAC3E32D}
	EndGlobalSection
EndGlobal
